
Microsoft Visual Studio Solution File, Format Version 12.00
# Visual Studio Version 17
VisualStudioVersion = 17.0.31903.59
MinimumVisualStudioVersion = 10.0.40219.1
Project("{9A19103F-16F7-4668-BE54-9A1E7A4F7556}") = "Fina.Api", "Fina.Api\Fina.Api.csproj", "{6ABE71A4-BAA5-415E-8069-0DA32125545E}"
EndProject
Project("{9A19103F-16F7-4668-BE54-9A1E7A4F7556}") = "Fina.Core", "Fina.Core\Fina.Core.csproj", "{9F68B0C9-C705-4B6E-907A-CBF5D16D33BA}"
EndProject
Project("{9A19103F-16F7-4668-BE54-9A1E7A4F7556}") = "Fina.App", "Fina.App\Fina.App.csproj", "{47684DDD-366E-482D-A0E2-E22C71A57748}"
EndProject
Project("{9A19103F-16F7-4668-BE54-9A1E7A4F7556}") = "Fina.WebApp", "Fina.WebApp\Fina.WebApp.csproj", "{CD1DA916-CF07-4F29-88E6-908CBB9C79C3}"
EndProject
Global
	GlobalSection(SolutionConfigurationPlatforms) = preSolution
		Debug|Any CPU = Debug|Any CPU
		Release|Any CPU = Release|Any CPU
	EndGlobalSection
	GlobalSection(ProjectConfigurationPlatforms) = postSolution
		{6ABE71A4-BAA5-415E-8069-0DA32125545E}.Debug|Any CPU.ActiveCfg = Debug|Any CPU
		{6ABE71A4-BAA5-415E-8069-0DA32125545E}.Debug|Any CPU.Build.0 = Debug|Any CPU
		{6ABE71A4-BAA5-415E-8069-0DA32125545E}.Release|Any CPU.ActiveCfg = Release|Any CPU
		{6ABE71A4-BAA5-415E-8069-0DA32125545E}.Release|Any CPU.Build.0 = Release|Any CPU
		{9F68B0C9-C705-4B6E-907A-CBF5D16D33BA}.Debug|Any CPU.ActiveCfg = Debug|Any CPU
		{9F68B0C9-C705-4B6E-907A-CBF5D16D33BA}.Debug|Any CPU.Build.0 = Debug|Any CPU
		{9F68B0C9-C705-4B6E-907A-CBF5D16D33BA}.Release|Any CPU.ActiveCfg = Release|Any CPU
		{9F68B0C9-C705-4B6E-907A-CBF5D16D33BA}.Release|Any CPU.Build.0 = Release|Any CPU
		{47684DDD-366E-482D-A0E2-E22C71A57748}.Debug|Any CPU.ActiveCfg = Debug|Any CPU
		{47684DDD-366E-482D-A0E2-E22C71A57748}.Debug|Any CPU.Build.0 = Debug|Any CPU
		{47684DDD-366E-482D-A0E2-E22C71A57748}.Release|Any CPU.ActiveCfg = Release|Any CPU
		{47684DDD-366E-482D-A0E2-E22C71A57748}.Release|Any CPU.Build.0 = Release|Any CPU
		{CD1DA916-CF07-4F29-88E6-908CBB9C79C3}.Debug|Any CPU.ActiveCfg = Debug|Any CPU
		{CD1DA916-CF07-4F29-88E6-908CBB9C79C3}.Debug|Any CPU.Build.0 = Debug|Any CPU
		{CD1DA916-CF07-4F29-88E6-908CBB9C79C3}.Release|Any CPU.ActiveCfg = Release|Any CPU
		{CD1DA916-CF07-4F29-88E6-908CBB9C79C3}.Release|Any CPU.Build.0 = Release|Any CPU
	EndGlobalSection
	GlobalSection(SolutionProperties) = preSolution
		HideSolutionNode = FALSE
	EndGlobalSection
	GlobalSection(ExtensibilityGlobals) = postSolution
		SolutionGuid = {BD429623-BB9F-4FED-808A-8919CEEEE1E5}
	EndGlobalSection
EndGlobal
